<?xml version="1.0" encoding="utf-8"?>
<Project ToolsVersion="4.0" xmlns="http://schemas.microsoft.com/developer/msbuild/2003">
  <ItemGroup>
    <CustomBuild Include="CMakeFiles\4ac17e33db8510a320e3f8fb25c282fc\generate.stamp.rule">
      <Filter>CMake Rules</Filter>
    </CustomBuild>
  </ItemGroup>
  <ItemGroup>
    <Filter Include="CMake Rules">
      <UniqueIdentifier>{DD15786C-9D8E-370B-8304-D56FECBBDA69}</UniqueIdentifier>
    </Filter>
  </ItemGroup>
</Project>
